
Microsoft Visual Studio Solution File, Format Version 12.00
# Visual Studio 15
VisualStudioVersion = 15.0.28307.106
MinimumVisualStudioVersion = 10.0.40219.1
Project("{FAE04EC0-301F-11D3-BF4B-00C04F79EFBC}") = "SiteDownload", "SiteDownload\SiteDownload.csproj", "{3575C2B1-C138-4506-AB8E-62CA90D7065B}"
EndProject
Global
	GlobalSection(SolutionConfigurationPlatforms) = preSolution
		Debug|Any CPU = Debug|Any CPU
		Release|Any CPU = Release|Any CPU
	EndGlobalSection
	GlobalSection(ProjectConfigurationPlatforms) = postSolution
		{3575C2B1-C138-4506-AB8E-62CA90D7065B}.Debug|Any CPU.ActiveCfg = Debug|Any CPU
		{3575C2B1-C138-4506-AB8E-62CA90D7065B}.Debug|Any CPU.Build.0 = Debug|Any CPU
		{3575C2B1-C138-4506-AB8E-62CA90D7065B}.Release|Any CPU.ActiveCfg = Release|Any CPU
		{3575C2B1-C138-4506-AB8E-62CA90D7065B}.Release|Any CPU.Build.0 = Release|Any CPU
	EndGlobalSection
	GlobalSection(SolutionProperties) = preSolution
		HideSolutionNode = FALSE
	EndGlobalSection
	GlobalSection(ExtensibilityGlobals) = postSolution
		SolutionGuid = {71F41362-77FA-48F4-958A-1EF4B769C709}
	EndGlobalSection
EndGlobal
